{
  "version": 4,
  "terraform_version": "1.9.8",
  "serial": 3,
  "lineage": "30cccde3-0cb5-0867-f82f-d2f0b97c7b82",
  "outputs": {
    "archive_file_path": {
      "value": "example.zip",
      "type": "string"
    },
    "local_file_path": {
      "value": "./source/random_string.txt",
      "type": "string"
    },
    "random_string": {
      "value": "zccDHeXFozNAMgTV",
      "type": "string"
    }
  },
  "resources": [
    {
      "mode": "data",
      "type": "archive_file",
      "name": "example",
      "provider": "provider[\"registry.terraform.io/hashicorp/archive\"]",
      "instances": [
        {
          "schema_version": 0,
          "attributes": {
            "exclude_symlink_directories": null,
            "excludes": null,
            "id": "95572423fe5ec07f107cd3d314624c084d174721",
            "output_base64sha256": "zMab1gul7k1eW7m1WCDr7wrvNNqUqf/L3wz94DaULPc=",
            "output_base64sha512": "M2E+rAdO9zRx91h01ZYnl8MmEtONJkGR70ovZKPSeZIuTumyzLGi38nQhPYF22S7tiRXnmt7h0AystK4fB5xnA==",
            "output_file_mode": null,
            "output_md5": "3b0c3ccfe8c3da31f2fa3d55391c2e74",
            "output_path": "example.zip",
            "output_sha": "95572423fe5ec07f107cd3d314624c084d174721",
            "output_sha256": "ccc69bd60ba5ee4d5e5bb9b55820ebef0aef34da94a9ffcbdf0cfde036942cf7",
            "output_sha512": "33613eac074ef73471f75874d5962797c32612d38d264191ef4a2f64a3d279922e4ee9b2ccb1a2dfc9d084f605db64bbb624579e6b7b874032b2d2b87c1e719c",
            "output_size": 141,
            "source": [],
            "source_content": null,
            "source_content_filename": null,
            "source_dir": "./source",
            "source_file": null,
            "type": "zip"
          },
          "sensitive_attributes": []
        }
      ]
    },
    {
      "mode": "managed",
      "type": "local_file",
      "name": "example",
      "provider": "provider[\"registry.terraform.io/hashicorp/local\"]",
      "instances": [
        {
          "schema_version": 0,
          "attributes": {
            "content": "zccDHeXFozNAMgTV",
            "content_base64": null,
            "content_base64sha256": "VHkuin5Hvhwps7IJofRqoeSYwz3eGiAWJHdtZosRMSk=",
            "content_base64sha512": "F4lI9LGqwx8tfjnvcE2isKUR4yGAfzUdEGgdyDO5WZ0HYLL0rI17LH3eqZuFhxMhbRPwfF36DekcdE1zBd72mQ==",
            "content_md5": "5284d3b2349f8c778cd33315a659090a",
            "content_sha1": "30c8e90db827f19fe72be6dbf9112ceb2a8d2c72",
            "content_sha256": "54792e8a7e47be1c29b3b209a1f46aa1e498c33dde1a201624776d668b113129",
            "content_sha512": "178948f4b1aac31f2d7e39ef704da2b0a511e321807f351d10681dc833b9599d0760b2f4ac8d7b2c7ddea99b858713216d13f07c5dfa0de91c744d7305def699",
            "directory_permission": "0777",
            "file_permission": "0777",
            "filename": "./source/random_string.txt",
            "id": "30c8e90db827f19fe72be6dbf9112ceb2a8d2c72",
            "sensitive_content": null,
            "source": null
          },
          "sensitive_attributes": [
            [
              {
                "type": "get_attr",
                "value": "sensitive_content"
              }
            ]
          ],
          "dependencies": [
            "random_string.example"
          ]
        }
      ]
    },
    {
      "mode": "managed",
      "type": "random_string",
      "name": "example",
      "provider": "provider[\"registry.terraform.io/hashicorp/random\"]",
      "instances": [
        {
          "schema_version": 2,
          "attributes": {
            "id": "zccDHeXFozNAMgTV",
            "keepers": null,
            "length": 16,
            "lower": true,
            "min_lower": 0,
            "min_numeric": 0,
            "min_special": 0,
            "min_upper": 0,
            "number": true,
            "numeric": true,
            "override_special": null,
            "result": "zccDHeXFozNAMgTV",
            "special": false,
            "upper": true
          },
          "sensitive_attributes": []
        }
      ]
    }
  ],
  "check_results": null
}
